
Microsoft Visual Studio Solution File, Format Version 12.00
# Visual Studio 15
VisualStudioVersion = 15.0.28307.572
MinimumVisualStudioVersion = 10.0.40219.1
Project("{FAE04EC0-301F-11D3-BF4B-00C04F79EFBC}") = "MichalDzialekLab2_ZadDom", "MichalDzialekLab2_ZadDom\MichalDzialekLab2_ZadDom.csproj", "{DE0DB325-DE3E-4648-863C-24731AA71491}"
EndProject
Global
	GlobalSection(SolutionConfigurationPlatforms) = preSolution
		Debug|Any CPU = Debug|Any CPU
		Release|Any CPU = Release|Any CPU
	EndGlobalSection
	GlobalSection(ProjectConfigurationPlatforms) = postSolution
		{DE0DB325-DE3E-4648-863C-24731AA71491}.Debug|Any CPU.ActiveCfg = Debug|Any CPU
		{DE0DB325-DE3E-4648-863C-24731AA71491}.Debug|Any CPU.Build.0 = Debug|Any CPU
		{DE0DB325-DE3E-4648-863C-24731AA71491}.Release|Any CPU.ActiveCfg = Release|Any CPU
		{DE0DB325-DE3E-4648-863C-24731AA71491}.Release|Any CPU.Build.0 = Release|Any CPU
	EndGlobalSection
	GlobalSection(SolutionProperties) = preSolution
		HideSolutionNode = FALSE
	EndGlobalSection
	GlobalSection(ExtensibilityGlobals) = postSolution
		SolutionGuid = {5DD0395C-6385-49B4-9694-9402E2257E05}
	EndGlobalSection
EndGlobal
